
Microsoft Visual Studio Solution File, Format Version 12.00
# Visual Studio Version 17
VisualStudioVersion = 17.0.31903.59
MinimumVisualStudioVersion = 10.0.40219.1
Project("{2150E333-8FDC-42A3-9474-1A3956D46DE8}") = "src", "src", "{B4C68BC1-722B-4069-9E4D-7E7FB04FA20A}"
EndProject
Project("{9A19103F-16F7-4668-BE54-9A1E7A4F7556}") = "ExampleLib", "src\ExampleLib\ExampleLib.csproj", "{D3DB6112-0E76-495B-BE71-5186112A4296}"
EndProject
Project("{2150E333-8FDC-42A3-9474-1A3956D46DE8}") = "tests", "tests", "{CE774A12-53F2-4F94-ADFA-96E36863AED4}"
EndProject
Project("{9A19103F-16F7-4668-BE54-9A1E7A4F7556}") = "ExampleLib.UnitTests", "tests\ExampleLib.UnitTests\ExampleLib.UnitTests.csproj", "{9E45EACA-B811-400F-978F-7419AC8658D5}"
EndProject
Project("{FAE04EC0-301F-11D3-BF4B-00C04F79EFBC}") = "Lexems.UnitTests", "tests\Lexems.UnitTests\Lexems.UnitTests.csproj", "{5BAB2658-9178-4AE2-991A-457A06FE65BB}"
EndProject
Project("{FAE04EC0-301F-11D3-BF4B-00C04F79EFBC}") = "Lexems", "src\Lexems\Lexems.csproj", "{5E91B8C8-D1E1-4DBB-975E-BBBF880584FB}"
EndProject
Project("{FAE04EC0-301F-11D3-BF4B-00C04F79EFBC}") = "Parser", "src\Parser\Parser.csproj", "{36E32215-514F-44ED-A6B7-A03E04695E7F}"
EndProject
Project("{FAE04EC0-301F-11D3-BF4B-00C04F79EFBC}") = "Interpreter", "src\Interpreter\Interpreter.csproj", "{94577EE9-7935-4222-8F51-A67F8DB5DB46}"
EndProject
Project("{FAE04EC0-301F-11D3-BF4B-00C04F79EFBC}") = "Ast", "src\Ast\Ast.csproj", "{E2EC3A49-9812-47FF-A9AE-7B543C20DA54}"
EndProject
Project("{FAE04EC0-301F-11D3-BF4B-00C04F79EFBC}") = "Runtime", "src\Runtime\Runtime.csproj", "{CF7F7866-F708-491E-8258-8E7A532DCF58}"
EndProject
Project("{FAE04EC0-301F-11D3-BF4B-00C04F79EFBC}") = "Semantics", "src\Semantics\Semantics.csproj", "{4844BDE4-CE60-4848-847C-DB5842BEDA34}"
EndProject
Project("{FAE04EC0-301F-11D3-BF4B-00C04F79EFBC}") = "VirtualMachine", "src\VirtualMachine\VirtualMachine.csproj", "{BF514411-80B4-4D41-898D-3940E998CC0A}"
EndProject
Project("{FAE04EC0-301F-11D3-BF4B-00C04F79EFBC}") = "VirtualMachineCodegen", "src\VirtualMachineCodegen\VirtualMachineCodegen.csproj", "{CF9D4082-7E7A-4036-BD1D-0F966904A07B}"
EndProject
Project("{FAE04EC0-301F-11D3-BF4B-00C04F79EFBC}") = "VirtualMachine.UnitTests", "tests\VirtualMachine.UnitTests\VirtualMachine.UnitTests.csproj", "{450A9A0B-3678-4A16-B1E4-92D9DDFA501C}"
EndProject
Project("{FAE04EC0-301F-11D3-BF4B-00C04F79EFBC}") = "TestLibrary", "tests\TestLibrary\TestLibrary.csproj", "{E1CF7B34-07BC-4530-929B-635F97DE6758}"
EndProject
Project("{FAE04EC0-301F-11D3-BF4B-00C04F79EFBC}") = "Interpreter.IntegrationTests", "tests\Interpreter.IntegrationTests\Interpreter.IntegrationTests.csproj", "{5490F8AD-666A-45A9-9D2A-53A938EABED9}"
EndProject
Global
	GlobalSection(SolutionConfigurationPlatforms) = preSolution
		Debug|Any CPU = Debug|Any CPU
		Debug|x64 = Debug|x64
		Debug|x86 = Debug|x86
		Release|Any CPU = Release|Any CPU
		Release|x64 = Release|x64
		Release|x86 = Release|x86
	EndGlobalSection
	GlobalSection(ProjectConfigurationPlatforms) = postSolution
		{D3DB6112-0E76-495B-BE71-5186112A4296}.Debug|Any CPU.ActiveCfg = Debug|Any CPU
		{D3DB6112-0E76-495B-BE71-5186112A4296}.Debug|Any CPU.Build.0 = Debug|Any CPU
		{D3DB6112-0E76-495B-BE71-5186112A4296}.Debug|x64.ActiveCfg = Debug|Any CPU
		{D3DB6112-0E76-495B-BE71-5186112A4296}.Debug|x64.Build.0 = Debug|Any CPU
		{D3DB6112-0E76-495B-BE71-5186112A4296}.Debug|x86.ActiveCfg = Debug|Any CPU
		{D3DB6112-0E76-495B-BE71-5186112A4296}.Debug|x86.Build.0 = Debug|Any CPU
		{D3DB6112-0E76-495B-BE71-5186112A4296}.Release|Any CPU.ActiveCfg = Release|Any CPU
		{D3DB6112-0E76-495B-BE71-5186112A4296}.Release|Any CPU.Build.0 = Release|Any CPU
		{D3DB6112-0E76-495B-BE71-5186112A4296}.Release|x64.ActiveCfg = Release|Any CPU
		{D3DB6112-0E76-495B-BE71-5186112A4296}.Release|x64.Build.0 = Release|Any CPU
		{D3DB6112-0E76-495B-BE71-5186112A4296}.Release|x86.ActiveCfg = Release|Any CPU
		{D3DB6112-0E76-495B-BE71-5186112A4296}.Release|x86.Build.0 = Release|Any CPU
		{9E45EACA-B811-400F-978F-7419AC8658D5}.Debug|Any CPU.ActiveCfg = Debug|Any CPU
		{9E45EACA-B811-400F-978F-7419AC8658D5}.Debug|Any CPU.Build.0 = Debug|Any CPU
		{9E45EACA-B811-400F-978F-7419AC8658D5}.Debug|x64.ActiveCfg = Debug|Any CPU
		{9E45EACA-B811-400F-978F-7419AC8658D5}.Debug|x64.Build.0 = Debug|Any CPU
		{9E45EACA-B811-400F-978F-7419AC8658D5}.Debug|x86.ActiveCfg = Debug|Any CPU
		{9E45EACA-B811-400F-978F-7419AC8658D5}.Debug|x86.Build.0 = Debug|Any CPU
		{9E45EACA-B811-400F-978F-7419AC8658D5}.Release|Any CPU.ActiveCfg = Release|Any CPU
		{9E45EACA-B811-400F-978F-7419AC8658D5}.Release|Any CPU.Build.0 = Release|Any CPU
		{9E45EACA-B811-400F-978F-7419AC8658D5}.Release|x64.ActiveCfg = Release|Any CPU
		{9E45EACA-B811-400F-978F-7419AC8658D5}.Release|x64.Build.0 = Release|Any CPU
		{9E45EACA-B811-400F-978F-7419AC8658D5}.Release|x86.ActiveCfg = Release|Any CPU
		{9E45EACA-B811-400F-978F-7419AC8658D5}.Release|x86.Build.0 = Release|Any CPU
		{5BAB2658-9178-4AE2-991A-457A06FE65BB}.Debug|Any CPU.ActiveCfg = Debug|Any CPU
		{5BAB2658-9178-4AE2-991A-457A06FE65BB}.Debug|Any CPU.Build.0 = Debug|Any CPU
		{5BAB2658-9178-4AE2-991A-457A06FE65BB}.Debug|x64.ActiveCfg = Debug|Any CPU
		{5BAB2658-9178-4AE2-991A-457A06FE65BB}.Debug|x64.Build.0 = Debug|Any CPU
		{5BAB2658-9178-4AE2-991A-457A06FE65BB}.Debug|x86.ActiveCfg = Debug|Any CPU
		{5BAB2658-9178-4AE2-991A-457A06FE65BB}.Debug|x86.Build.0 = Debug|Any CPU
		{5BAB2658-9178-4AE2-991A-457A06FE65BB}.Release|Any CPU.ActiveCfg = Release|Any CPU
		{5BAB2658-9178-4AE2-991A-457A06FE65BB}.Release|Any CPU.Build.0 = Release|Any CPU
		{5BAB2658-9178-4AE2-991A-457A06FE65BB}.Release|x64.ActiveCfg = Release|Any CPU
		{5BAB2658-9178-4AE2-991A-457A06FE65BB}.Release|x64.Build.0 = Release|Any CPU
		{5BAB2658-9178-4AE2-991A-457A06FE65BB}.Release|x86.ActiveCfg = Release|Any CPU
		{5BAB2658-9178-4AE2-991A-457A06FE65BB}.Release|x86.Build.0 = Release|Any CPU
		{5E91B8C8-D1E1-4DBB-975E-BBBF880584FB}.Debug|Any CPU.ActiveCfg = Debug|Any CPU
		{5E91B8C8-D1E1-4DBB-975E-BBBF880584FB}.Debug|Any CPU.Build.0 = Debug|Any CPU
		{5E91B8C8-D1E1-4DBB-975E-BBBF880584FB}.Debug|x64.ActiveCfg = Debug|Any CPU
		{5E91B8C8-D1E1-4DBB-975E-BBBF880584FB}.Debug|x64.Build.0 = Debug|Any CPU
		{5E91B8C8-D1E1-4DBB-975E-BBBF880584FB}.Debug|x86.ActiveCfg = Debug|Any CPU
		{5E91B8C8-D1E1-4DBB-975E-BBBF880584FB}.Debug|x86.Build.0 = Debug|Any CPU
		{5E91B8C8-D1E1-4DBB-975E-BBBF880584FB}.Release|Any CPU.ActiveCfg = Release|Any CPU
		{5E91B8C8-D1E1-4DBB-975E-BBBF880584FB}.Release|Any CPU.Build.0 = Release|Any CPU
		{5E91B8C8-D1E1-4DBB-975E-BBBF880584FB}.Release|x64.ActiveCfg = Release|Any CPU
		{5E91B8C8-D1E1-4DBB-975E-BBBF880584FB}.Release|x64.Build.0 = Release|Any CPU
		{5E91B8C8-D1E1-4DBB-975E-BBBF880584FB}.Release|x86.ActiveCfg = Release|Any CPU
		{5E91B8C8-D1E1-4DBB-975E-BBBF880584FB}.Release|x86.Build.0 = Release|Any CPU
		{36E32215-514F-44ED-A6B7-A03E04695E7F}.Debug|Any CPU.ActiveCfg = Debug|Any CPU
		{36E32215-514F-44ED-A6B7-A03E04695E7F}.Debug|Any CPU.Build.0 = Debug|Any CPU
		{36E32215-514F-44ED-A6B7-A03E04695E7F}.Debug|x64.ActiveCfg = Debug|Any CPU
		{36E32215-514F-44ED-A6B7-A03E04695E7F}.Debug|x64.Build.0 = Debug|Any CPU
		{36E32215-514F-44ED-A6B7-A03E04695E7F}.Debug|x86.ActiveCfg = Debug|Any CPU
		{36E32215-514F-44ED-A6B7-A03E04695E7F}.Debug|x86.Build.0 = Debug|Any CPU
		{36E32215-514F-44ED-A6B7-A03E04695E7F}.Release|Any CPU.ActiveCfg = Release|Any CPU
		{36E32215-514F-44ED-A6B7-A03E04695E7F}.Release|Any CPU.Build.0 = Release|Any CPU
		{36E32215-514F-44ED-A6B7-A03E04695E7F}.Release|x64.ActiveCfg = Release|Any CPU
		{36E32215-514F-44ED-A6B7-A03E04695E7F}.Release|x64.Build.0 = Release|Any CPU
		{36E32215-514F-44ED-A6B7-A03E04695E7F}.Release|x86.ActiveCfg = Release|Any CPU
		{36E32215-514F-44ED-A6B7-A03E04695E7F}.Release|x86.Build.0 = Release|Any CPU
		{94577EE9-7935-4222-8F51-A67F8DB5DB46}.Debug|Any CPU.ActiveCfg = Debug|Any CPU
		{94577EE9-7935-4222-8F51-A67F8DB5DB46}.Debug|Any CPU.Build.0 = Debug|Any CPU
		{94577EE9-7935-4222-8F51-A67F8DB5DB46}.Debug|x64.ActiveCfg = Debug|Any CPU
		{94577EE9-7935-4222-8F51-A67F8DB5DB46}.Debug|x64.Build.0 = Debug|Any CPU
		{94577EE9-7935-4222-8F51-A67F8DB5DB46}.Debug|x86.ActiveCfg = Debug|Any CPU
		{94577EE9-7935-4222-8F51-A67F8DB5DB46}.Debug|x86.Build.0 = Debug|Any CPU
		{94577EE9-7935-4222-8F51-A67F8DB5DB46}.Release|Any CPU.ActiveCfg = Release|Any CPU
		{94577EE9-7935-4222-8F51-A67F8DB5DB46}.Release|Any CPU.Build.0 = Release|Any CPU
		{94577EE9-7935-4222-8F51-A67F8DB5DB46}.Release|x64.ActiveCfg = Release|Any CPU
		{94577EE9-7935-4222-8F51-A67F8DB5DB46}.Release|x64.Build.0 = Release|Any CPU
		{94577EE9-7935-4222-8F51-A67F8DB5DB46}.Release|x86.ActiveCfg = Release|Any CPU
		{94577EE9-7935-4222-8F51-A67F8DB5DB46}.Release|x86.Build.0 = Release|Any CPU
		{E2EC3A49-9812-47FF-A9AE-7B543C20DA54}.Debug|Any CPU.ActiveCfg = Debug|Any CPU
		{E2EC3A49-9812-47FF-A9AE-7B543C20DA54}.Debug|Any CPU.Build.0 = Debug|Any CPU
		{E2EC3A49-9812-47FF-A9AE-7B543C20DA54}.Debug|x64.ActiveCfg = Debug|Any CPU
		{E2EC3A49-9812-47FF-A9AE-7B543C20DA54}.Debug|x64.Build.0 = Debug|Any CPU
		{E2EC3A49-9812-47FF-A9AE-7B543C20DA54}.Debug|x86.ActiveCfg = Debug|Any CPU
		{E2EC3A49-9812-47FF-A9AE-7B543C20DA54}.Debug|x86.Build.0 = Debug|Any CPU
		{E2EC3A49-9812-47FF-A9AE-7B543C20DA54}.Release|Any CPU.ActiveCfg = Release|Any CPU
		{E2EC3A49-9812-47FF-A9AE-7B543C20DA54}.Release|Any CPU.Build.0 = Release|Any CPU
		{E2EC3A49-9812-47FF-A9AE-7B543C20DA54}.Release|x64.ActiveCfg = Release|Any CPU
		{E2EC3A49-9812-47FF-A9AE-7B543C20DA54}.Release|x64.Build.0 = Release|Any CPU
		{E2EC3A49-9812-47FF-A9AE-7B543C20DA54}.Release|x86.ActiveCfg = Release|Any CPU
		{E2EC3A49-9812-47FF-A9AE-7B543C20DA54}.Release|x86.Build.0 = Release|Any CPU
		{CF7F7866-F708-491E-8258-8E7A532DCF58}.Debug|Any CPU.ActiveCfg = Debug|Any CPU
		{CF7F7866-F708-491E-8258-8E7A532DCF58}.Debug|Any CPU.Build.0 = Debug|Any CPU
		{CF7F7866-F708-491E-8258-8E7A532DCF58}.Debug|x64.ActiveCfg = Debug|Any CPU
		{CF7F7866-F708-491E-8258-8E7A532DCF58}.Debug|x64.Build.0 = Debug|Any CPU
		{CF7F7866-F708-491E-8258-8E7A532DCF58}.Debug|x86.ActiveCfg = Debug|Any CPU
		{CF7F7866-F708-491E-8258-8E7A532DCF58}.Debug|x86.Build.0 = Debug|Any CPU
		{CF7F7866-F708-491E-8258-8E7A532DCF58}.Release|Any CPU.ActiveCfg = Release|Any CPU
		{CF7F7866-F708-491E-8258-8E7A532DCF58}.Release|Any CPU.Build.0 = Release|Any CPU
		{CF7F7866-F708-491E-8258-8E7A532DCF58}.Release|x64.ActiveCfg = Release|Any CPU
		{CF7F7866-F708-491E-8258-8E7A532DCF58}.Release|x64.Build.0 = Release|Any CPU
		{CF7F7866-F708-491E-8258-8E7A532DCF58}.Release|x86.ActiveCfg = Release|Any CPU
		{CF7F7866-F708-491E-8258-8E7A532DCF58}.Release|x86.Build.0 = Release|Any CPU
		{4844BDE4-CE60-4848-847C-DB5842BEDA34}.Debug|Any CPU.ActiveCfg = Debug|Any CPU
		{4844BDE4-CE60-4848-847C-DB5842BEDA34}.Debug|Any CPU.Build.0 = Debug|Any CPU
		{4844BDE4-CE60-4848-847C-DB5842BEDA34}.Debug|x64.ActiveCfg = Debug|Any CPU
		{4844BDE4-CE60-4848-847C-DB5842BEDA34}.Debug|x64.Build.0 = Debug|Any CPU
		{4844BDE4-CE60-4848-847C-DB5842BEDA34}.Debug|x86.ActiveCfg = Debug|Any CPU
		{4844BDE4-CE60-4848-847C-DB5842BEDA34}.Debug|x86.Build.0 = Debug|Any CPU
		{4844BDE4-CE60-4848-847C-DB5842BEDA34}.Release|Any CPU.ActiveCfg = Release|Any CPU
		{4844BDE4-CE60-4848-847C-DB5842BEDA34}.Release|Any CPU.Build.0 = Release|Any CPU
		{4844BDE4-CE60-4848-847C-DB5842BEDA34}.Release|x64.ActiveCfg = Release|Any CPU
		{4844BDE4-CE60-4848-847C-DB5842BEDA34}.Release|x64.Build.0 = Release|Any CPU
		{4844BDE4-CE60-4848-847C-DB5842BEDA34}.Release|x86.ActiveCfg = Release|Any CPU
		{4844BDE4-CE60-4848-847C-DB5842BEDA34}.Release|x86.Build.0 = Release|Any CPU
		{BF514411-80B4-4D41-898D-3940E998CC0A}.Debug|Any CPU.ActiveCfg = Debug|Any CPU
		{BF514411-80B4-4D41-898D-3940E998CC0A}.Debug|Any CPU.Build.0 = Debug|Any CPU
		{BF514411-80B4-4D41-898D-3940E998CC0A}.Debug|x64.ActiveCfg = Debug|Any CPU
		{BF514411-80B4-4D41-898D-3940E998CC0A}.Debug|x64.Build.0 = Debug|Any CPU
		{BF514411-80B4-4D41-898D-3940E998CC0A}.Debug|x86.ActiveCfg = Debug|Any CPU
		{BF514411-80B4-4D41-898D-3940E998CC0A}.Debug|x86.Build.0 = Debug|Any CPU
		{BF514411-80B4-4D41-898D-3940E998CC0A}.Release|Any CPU.ActiveCfg = Release|Any CPU
		{BF514411-80B4-4D41-898D-3940E998CC0A}.Release|Any CPU.Build.0 = Release|Any CPU
		{BF514411-80B4-4D41-898D-3940E998CC0A}.Release|x64.ActiveCfg = Release|Any CPU
		{BF514411-80B4-4D41-898D-3940E998CC0A}.Release|x64.Build.0 = Release|Any CPU
		{BF514411-80B4-4D41-898D-3940E998CC0A}.Release|x86.ActiveCfg = Release|Any CPU
		{BF514411-80B4-4D41-898D-3940E998CC0A}.Release|x86.Build.0 = Release|Any CPU
		{CF9D4082-7E7A-4036-BD1D-0F966904A07B}.Debug|Any CPU.ActiveCfg = Debug|Any CPU
		{CF9D4082-7E7A-4036-BD1D-0F966904A07B}.Debug|Any CPU.Build.0 = Debug|Any CPU
		{CF9D4082-7E7A-4036-BD1D-0F966904A07B}.Debug|x64.ActiveCfg = Debug|Any CPU
		{CF9D4082-7E7A-4036-BD1D-0F966904A07B}.Debug|x64.Build.0 = Debug|Any CPU
		{CF9D4082-7E7A-4036-BD1D-0F966904A07B}.Debug|x86.ActiveCfg = Debug|Any CPU
		{CF9D4082-7E7A-4036-BD1D-0F966904A07B}.Debug|x86.Build.0 = Debug|Any CPU
		{CF9D4082-7E7A-4036-BD1D-0F966904A07B}.Release|Any CPU.ActiveCfg = Release|Any CPU
		{CF9D4082-7E7A-4036-BD1D-0F966904A07B}.Release|Any CPU.Build.0 = Release|Any CPU
		{CF9D4082-7E7A-4036-BD1D-0F966904A07B}.Release|x64.ActiveCfg = Release|Any CPU
		{CF9D4082-7E7A-4036-BD1D-0F966904A07B}.Release|x64.Build.0 = Release|Any CPU
		{CF9D4082-7E7A-4036-BD1D-0F966904A07B}.Release|x86.ActiveCfg = Release|Any CPU
		{CF9D4082-7E7A-4036-BD1D-0F966904A07B}.Release|x86.Build.0 = Release|Any CPU
		{450A9A0B-3678-4A16-B1E4-92D9DDFA501C}.Debug|Any CPU.ActiveCfg = Debug|Any CPU
		{450A9A0B-3678-4A16-B1E4-92D9DDFA501C}.Debug|Any CPU.Build.0 = Debug|Any CPU
		{450A9A0B-3678-4A16-B1E4-92D9DDFA501C}.Debug|x64.ActiveCfg = Debug|Any CPU
		{450A9A0B-3678-4A16-B1E4-92D9DDFA501C}.Debug|x64.Build.0 = Debug|Any CPU
		{450A9A0B-3678-4A16-B1E4-92D9DDFA501C}.Debug|x86.ActiveCfg = Debug|Any CPU
		{450A9A0B-3678-4A16-B1E4-92D9DDFA501C}.Debug|x86.Build.0 = Debug|Any CPU
		{450A9A0B-3678-4A16-B1E4-92D9DDFA501C}.Release|Any CPU.ActiveCfg = Release|Any CPU
		{450A9A0B-3678-4A16-B1E4-92D9DDFA501C}.Release|Any CPU.Build.0 = Release|Any CPU
		{450A9A0B-3678-4A16-B1E4-92D9DDFA501C}.Release|x64.ActiveCfg = Release|Any CPU
		{450A9A0B-3678-4A16-B1E4-92D9DDFA501C}.Release|x64.Build.0 = Release|Any CPU
		{450A9A0B-3678-4A16-B1E4-92D9DDFA501C}.Release|x86.ActiveCfg = Release|Any CPU
		{450A9A0B-3678-4A16-B1E4-92D9DDFA501C}.Release|x86.Build.0 = Release|Any CPU
		{E1CF7B34-07BC-4530-929B-635F97DE6758}.Debug|Any CPU.ActiveCfg = Debug|Any CPU
		{E1CF7B34-07BC-4530-929B-635F97DE6758}.Debug|Any CPU.Build.0 = Debug|Any CPU
		{E1CF7B34-07BC-4530-929B-635F97DE6758}.Debug|x64.ActiveCfg = Debug|Any CPU
		{E1CF7B34-07BC-4530-929B-635F97DE6758}.Debug|x64.Build.0 = Debug|Any CPU
		{E1CF7B34-07BC-4530-929B-635F97DE6758}.Debug|x86.ActiveCfg = Debug|Any CPU
		{E1CF7B34-07BC-4530-929B-635F97DE6758}.Debug|x86.Build.0 = Debug|Any CPU
		{E1CF7B34-07BC-4530-929B-635F97DE6758}.Release|Any CPU.ActiveCfg = Release|Any CPU
		{E1CF7B34-07BC-4530-929B-635F97DE6758}.Release|Any CPU.Build.0 = Release|Any CPU
		{E1CF7B34-07BC-4530-929B-635F97DE6758}.Release|x64.ActiveCfg = Release|Any CPU
		{E1CF7B34-07BC-4530-929B-635F97DE6758}.Release|x64.Build.0 = Release|Any CPU
		{E1CF7B34-07BC-4530-929B-635F97DE6758}.Release|x86.ActiveCfg = Release|Any CPU
		{E1CF7B34-07BC-4530-929B-635F97DE6758}.Release|x86.Build.0 = Release|Any CPU
		{5490F8AD-666A-45A9-9D2A-53A938EABED9}.Debug|Any CPU.ActiveCfg = Debug|Any CPU
		{5490F8AD-666A-45A9-9D2A-53A938EABED9}.Debug|Any CPU.Build.0 = Debug|Any CPU
		{5490F8AD-666A-45A9-9D2A-53A938EABED9}.Debug|x64.ActiveCfg = Debug|Any CPU
		{5490F8AD-666A-45A9-9D2A-53A938EABED9}.Debug|x64.Build.0 = Debug|Any CPU
		{5490F8AD-666A-45A9-9D2A-53A938EABED9}.Debug|x86.ActiveCfg = Debug|Any CPU
		{5490F8AD-666A-45A9-9D2A-53A938EABED9}.Debug|x86.Build.0 = Debug|Any CPU
		{5490F8AD-666A-45A9-9D2A-53A938EABED9}.Release|Any CPU.ActiveCfg = Release|Any CPU
		{5490F8AD-666A-45A9-9D2A-53A938EABED9}.Release|Any CPU.Build.0 = Release|Any CPU
		{5490F8AD-666A-45A9-9D2A-53A938EABED9}.Release|x64.ActiveCfg = Release|Any CPU
		{5490F8AD-666A-45A9-9D2A-53A938EABED9}.Release|x64.Build.0 = Release|Any CPU
		{5490F8AD-666A-45A9-9D2A-53A938EABED9}.Release|x86.ActiveCfg = Release|Any CPU
		{5490F8AD-666A-45A9-9D2A-53A938EABED9}.Release|x86.Build.0 = Release|Any CPU
	EndGlobalSection
	GlobalSection(SolutionProperties) = preSolution
		HideSolutionNode = FALSE
	EndGlobalSection
	GlobalSection(NestedProjects) = preSolution
		{D3DB6112-0E76-495B-BE71-5186112A4296} = {B4C68BC1-722B-4069-9E4D-7E7FB04FA20A}
		{9E45EACA-B811-400F-978F-7419AC8658D5} = {CE774A12-53F2-4F94-ADFA-96E36863AED4}
		{5BAB2658-9178-4AE2-991A-457A06FE65BB} = {CE774A12-53F2-4F94-ADFA-96E36863AED4}
		{5E91B8C8-D1E1-4DBB-975E-BBBF880584FB} = {B4C68BC1-722B-4069-9E4D-7E7FB04FA20A}
		{36E32215-514F-44ED-A6B7-A03E04695E7F} = {B4C68BC1-722B-4069-9E4D-7E7FB04FA20A}
		{94577EE9-7935-4222-8F51-A67F8DB5DB46} = {B4C68BC1-722B-4069-9E4D-7E7FB04FA20A}
		{E2EC3A49-9812-47FF-A9AE-7B543C20DA54} = {B4C68BC1-722B-4069-9E4D-7E7FB04FA20A}
		{CF7F7866-F708-491E-8258-8E7A532DCF58} = {B4C68BC1-722B-4069-9E4D-7E7FB04FA20A}
		{4844BDE4-CE60-4848-847C-DB5842BEDA34} = {B4C68BC1-722B-4069-9E4D-7E7FB04FA20A}
		{BF514411-80B4-4D41-898D-3940E998CC0A} = {B4C68BC1-722B-4069-9E4D-7E7FB04FA20A}
		{CF9D4082-7E7A-4036-BD1D-0F966904A07B} = {B4C68BC1-722B-4069-9E4D-7E7FB04FA20A}
		{450A9A0B-3678-4A16-B1E4-92D9DDFA501C} = {CE774A12-53F2-4F94-ADFA-96E36863AED4}
		{E1CF7B34-07BC-4530-929B-635F97DE6758} = {CE774A12-53F2-4F94-ADFA-96E36863AED4}
		{5490F8AD-666A-45A9-9D2A-53A938EABED9} = {CE774A12-53F2-4F94-ADFA-96E36863AED4}
	EndGlobalSection
EndGlobal
